
Microsoft Visual Studio Solution File, Format Version 12.00
# Visual Studio Version 16
VisualStudioVersion = 16.0.29519.181
MinimumVisualStudioVersion = 10.0.40219.1
Project("{9A19103F-16F7-4668-BE54-9A1E7A4F7556}") = "CENA_FOODIE_API", "CENA_FOODIE_API\CENA_FOODIE_API.csproj", "{BA476A5F-AE5C-405E-BA41-E25899F1E56D}"
EndProject
Global
	GlobalSection(SolutionConfigurationPlatforms) = preSolution
		Debug|Any CPU = Debug|Any CPU
		Release|Any CPU = Release|Any CPU
	EndGlobalSection
	GlobalSection(ProjectConfigurationPlatforms) = postSolution
		{BA476A5F-AE5C-405E-BA41-E25899F1E56D}.Debug|Any CPU.ActiveCfg = Debug|Any CPU
		{BA476A5F-AE5C-405E-BA41-E25899F1E56D}.Debug|Any CPU.Build.0 = Debug|Any CPU
		{BA476A5F-AE5C-405E-BA41-E25899F1E56D}.Release|Any CPU.ActiveCfg = Release|Any CPU
		{BA476A5F-AE5C-405E-BA41-E25899F1E56D}.Release|Any CPU.Build.0 = Release|Any CPU
	EndGlobalSection
	GlobalSection(SolutionProperties) = preSolution
		HideSolutionNode = FALSE
	EndGlobalSection
	GlobalSection(ExtensibilityGlobals) = postSolution
		SolutionGuid = {1D224125-3317-4A9C-ACF3-47D4780981F4}
	EndGlobalSection
EndGlobal
